
Microsoft Visual Studio Solution File, Format Version 12.00
# Visual Studio Version 17
VisualStudioVersion = 17.7.34031.279
MinimumVisualStudioVersion = 10.0.40219.1
Project("{FAE04EC0-301F-11D3-BF4B-00C04F79EFBC}") = "pr6_Podkopaev", "pr6_Podkopaev\pr6_Podkopaev.csproj", "{EE3BC5F8-7C48-4882-A4C1-DA11A8568332}"
EndProject
Global
	GlobalSection(SolutionConfigurationPlatforms) = preSolution
		Debug|Any CPU = Debug|Any CPU
		Release|Any CPU = Release|Any CPU
	EndGlobalSection
	GlobalSection(ProjectConfigurationPlatforms) = postSolution
		{EE3BC5F8-7C48-4882-A4C1-DA11A8568332}.Debug|Any CPU.ActiveCfg = Debug|Any CPU
		{EE3BC5F8-7C48-4882-A4C1-DA11A8568332}.Debug|Any CPU.Build.0 = Debug|Any CPU
		{EE3BC5F8-7C48-4882-A4C1-DA11A8568332}.Release|Any CPU.ActiveCfg = Release|Any CPU
		{EE3BC5F8-7C48-4882-A4C1-DA11A8568332}.Release|Any CPU.Build.0 = Release|Any CPU
	EndGlobalSection
	GlobalSection(SolutionProperties) = preSolution
		HideSolutionNode = FALSE
	EndGlobalSection
	GlobalSection(ExtensibilityGlobals) = postSolution
		SolutionGuid = {802C9D67-CBAB-4AF2-B9BB-A8E3CF433FEC}
	EndGlobalSection
EndGlobal
